# THIS IS AN AUTOGENERATED FILE. DO NOT EDIT THIS FILE DIRECTLY.
# yarn lockfile v1


bcryptjs@^3.0.2:
  version "3.0.2"
  resolved "https://registry.yarnpkg.com/bcryptjs/-/bcryptjs-3.0.2.tgz#caadcca1afefe372ed6e20f86db8e8546361c1ca"
  integrity sha512-k38b3XOZKv60C4E2hVsXTolJWfkGRMbILBIe2IBITXciy5bOsTKot5kDrf3ZfufQtQOUN5mXceUEpU1rTl9Uog==
